
Microsoft Visual Studio Solution File, Format Version 12.00
# Visual Studio 15
VisualStudioVersion = 15.0.26014.0
MinimumVisualStudioVersion = 10.0.40219.1
Project("{888888A0-9F3D-457C-B088-3A5042F75D52}") = "SHUhelper", "SHUhelper\SHUhelper.pyproj", "{DB12DC32-68D6-464B-99F7-49F6611402C7}"
EndProject
Global
	GlobalSection(SolutionConfigurationPlatforms) = preSolution
		Debug|Any CPU = Debug|Any CPU
		Release|Any CPU = Release|Any CPU
	EndGlobalSection
	GlobalSection(ProjectConfigurationPlatforms) = postSolution
		{DB12DC32-68D6-464B-99F7-49F6611402C7}.Debug|Any CPU.ActiveCfg = Debug|Any CPU
		{DB12DC32-68D6-464B-99F7-49F6611402C7}.Debug|Any CPU.Build.0 = Debug|Any CPU
		{DB12DC32-68D6-464B-99F7-49F6611402C7}.Release|Any CPU.ActiveCfg = Release|Any CPU
		{DB12DC32-68D6-464B-99F7-49F6611402C7}.Release|Any CPU.Build.0 = Release|Any CPU
	EndGlobalSection
	GlobalSection(SolutionProperties) = preSolution
		HideSolutionNode = FALSE
	EndGlobalSection
EndGlobal
