{
  "name": "shuhelper",
  "version": "1.0.0",
  "lockfileVersion": 1,
  "requires": true,
  "dependencies": {
    "mpvue-entry": {
      "version": "0.3.7",
      "resolved": "https://registry.npmjs.org/mpvue-entry/-/mpvue-entry-0.3.7.tgz",
      "integrity": "sha512-5xoE1qV3KLJE7AM+34hAfd+K6D8Ue1NcQj+3KHxgoXuizJXcxzowOZQkbMSL21UJEKKSVKZ16cWR+FDksYZOIg==",
      "dev": true
    }
  }
}
