{
  "name": "quasar-app",
  "version": "0.0.1",
  "lockfileVersion": 1,
  "requires": true,
  "dependencies": {
    "vue-pull-to": {
      "version": "0.1.6",
      "resolved": "https://registry.npmjs.org/vue-pull-to/-/vue-pull-to-0.1.6.tgz",
      "integrity": "sha512-uw7mt93N4eE8hiUdEjTGhDu0OmdkmDJtCGUN5L+YmE75DLVQSd7t5bTM080cJREFt0/GjwshMTVaUcifZzx/4Q==",
      "requires": {
        "vue": "2.5.13"
      },
      "dependencies": {
        "vue": {
          "version": "2.5.13",
          "resolved": "https://registry.npmjs.org/vue/-/vue-2.5.13.tgz",
          "integrity": "sha512-3D+lY7HTkKbtswDM4BBHgqyq+qo8IAEE8lz8va1dz3LLmttjgo0FxairO4r1iN2OBqk8o1FyL4hvzzTFEdQSEw=="
        }
      }
    }
  }
}
